{
  "object": {
    "pins": [
      {
        "package": "ZendeskChatProvidersSDK",
        "repositoryURL": "https://github.com/RBNA/chat_providers_sdk_ios",
        "state": {
          "branch": "master",
          "revision": "83a8471aaef403150a76e5d3de078777cb235ee6",
          "version": null
        }
      },
      {
        "package": "ZendeskCommonUISDK",
        "repositoryURL": "https://github.com/RBNA/commonui_sdk_ios",
        "state": {
          "branch": "master",
          "revision": "ff096a43ac22b7c65d03c115b2c1bc8fd11f234d",
          "version": null
        }
      },
      {
        "package": "ZendeskMessagingSDK",
        "repositoryURL": "https://github.com/RBNA/messaging_sdk_ios",
        "state": {
          "branch": "master",
          "revision": "455091f1eb81a6d77412d5f32ce04bbfcd1ef48d",
          "version": null
        }
      },
      {
        "package": "ZendeskMessagingAPISDK",
        "repositoryURL": "https://github.com/RBNA/messagingapi_sdk_ios",
        "state": {
          "branch": "master",
          "revision": "c3c925881a2efb1c1c3202921435d73d8487c536",
          "version": null
        }
      },
      {
        "package": "ZendeskSDKConfigurationsSDK",
        "repositoryURL": "https://github.com/RBNA/sdkconfigurations_sdk_ios",
        "state": {
          "branch": "master",
          "revision": "dc97d9e37558d19648e13eecb40473d8747e13da",
          "version": null
        }
      }
    ]
  },
  "version": 1
}
